
Microsoft Visual Studio Solution File, Format Version 12.00
# Visual Studio Version 17
VisualStudioVersion = 17.0.31903.59
MinimumVisualStudioVersion = 10.0.40219.1
Project("{2150E333-8FDC-42A3-9474-1A3956D46DE8}") = "samples", "samples", "{5D20AA90-6969-D8BD-9DCD-8634F4692FDA}"
EndProject
Project("{FAE04EC0-301F-11D3-BF4B-00C04F79EFBC}") = "Red5Pro.Streaming.Net.Sample", "samples\Red5Pro.Streaming.Net.Sample\Red5Pro.Streaming.Net.Sample.csproj", "{130F6404-679B-465B-892D-BC91CD591628}"
EndProject
Project("{2150E333-8FDC-42A3-9474-1A3956D46DE8}") = "src", "src", "{827E0CD3-B72D-47B6-A68D-7590B98EB39B}"
EndProject
Project("{FAE04EC0-301F-11D3-BF4B-00C04F79EFBC}") = "Red5Pro.Streaming.Net.Android", "src\Red5Pro.Streaming.Net.Android\Red5Pro.Streaming.Net.Android.csproj", "{5F4FEA5D-C277-4643-83C5-2A9DE5F4140E}"
EndProject
Project("{FAE04EC0-301F-11D3-BF4B-00C04F79EFBC}") = "Red5Pro.Streaming.Net.Maui", "src\Red5Pro.Streaming.Net.Maui\Red5Pro.Streaming.Net.Maui.csproj", "{B96645B5-A18B-41E7-97B0-C597C97546C2}"
EndProject
Project("{FAE04EC0-301F-11D3-BF4B-00C04F79EFBC}") = "Red5Pro.Streaming.Net.iOS", "src\Red5Pro.Streaming.Net.iOS\Red5Pro.Streaming.Net.iOS.csproj", "{55902AC9-9C16-4570-9A85-F75993CA47C8}"
EndProject
Project("{FAE04EC0-301F-11D3-BF4B-00C04F79EFBC}") = "Red5Pro.Streaming.Net", "src\Red5Pro.Streaming.Net\Red5Pro.Streaming.Net.csproj", "{7461B49D-969F-4609-963C-C541D9EA0163}"
EndProject
Project("{2150E333-8FDC-42A3-9474-1A3956D46DE8}") = "tests", "tests", "{0AB3BF05-4346-4AA6-1389-037BE0695223}"
EndProject
Project("{FAE04EC0-301F-11D3-BF4B-00C04F79EFBC}") = "Red5Pro.Streaming.Net.Android.DeviceTests", "tests\Red5Pro.Streaming.Net.Android.DeviceTests\Red5Pro.Streaming.Net.Android.DeviceTests.csproj", "{AEE9BE93-6D1D-42A2-B82E-57D7651F68E6}"
EndProject
Project("{FAE04EC0-301F-11D3-BF4B-00C04F79EFBC}") = "Red5Pro.Streaming.Net.PackageTests", "tests\Red5Pro.Streaming.Net.PackageTests\Red5Pro.Streaming.Net.PackageTests.csproj", "{B1D043AC-021C-45A0-AB8F-84B7365015BE}"
EndProject
Project("{FAE04EC0-301F-11D3-BF4B-00C04F79EFBC}") = "Red5Pro.Streaming.Net.iOS.DeviceTests", "tests\Red5Pro.Streaming.Net.iOS.DeviceTests\Red5Pro.Streaming.Net.iOS.DeviceTests.csproj", "{015A48BD-D1F7-44CC-AA76-BD7EBC8E77CB}"
EndProject
Global
	GlobalSection(SolutionConfigurationPlatforms) = preSolution
		Debug|Any CPU = Debug|Any CPU
		Debug|x64 = Debug|x64
		Debug|x86 = Debug|x86
		Release|Any CPU = Release|Any CPU
		Release|x64 = Release|x64
		Release|x86 = Release|x86
	EndGlobalSection
	GlobalSection(ProjectConfigurationPlatforms) = postSolution
		{130F6404-679B-465B-892D-BC91CD591628}.Debug|Any CPU.ActiveCfg = Debug|Any CPU
		{130F6404-679B-465B-892D-BC91CD591628}.Debug|Any CPU.Build.0 = Debug|Any CPU
		{130F6404-679B-465B-892D-BC91CD591628}.Debug|x64.ActiveCfg = Debug|Any CPU
		{130F6404-679B-465B-892D-BC91CD591628}.Debug|x64.Build.0 = Debug|Any CPU
		{130F6404-679B-465B-892D-BC91CD591628}.Debug|x86.ActiveCfg = Debug|Any CPU
		{130F6404-679B-465B-892D-BC91CD591628}.Debug|x86.Build.0 = Debug|Any CPU
		{130F6404-679B-465B-892D-BC91CD591628}.Release|Any CPU.ActiveCfg = Release|Any CPU
		{130F6404-679B-465B-892D-BC91CD591628}.Release|Any CPU.Build.0 = Release|Any CPU
		{130F6404-679B-465B-892D-BC91CD591628}.Release|x64.ActiveCfg = Release|Any CPU
		{130F6404-679B-465B-892D-BC91CD591628}.Release|x64.Build.0 = Release|Any CPU
		{130F6404-679B-465B-892D-BC91CD591628}.Release|x86.ActiveCfg = Release|Any CPU
		{130F6404-679B-465B-892D-BC91CD591628}.Release|x86.Build.0 = Release|Any CPU
		{5F4FEA5D-C277-4643-83C5-2A9DE5F4140E}.Debug|Any CPU.ActiveCfg = Debug|Any CPU
		{5F4FEA5D-C277-4643-83C5-2A9DE5F4140E}.Debug|Any CPU.Build.0 = Debug|Any CPU
		{5F4FEA5D-C277-4643-83C5-2A9DE5F4140E}.Debug|x64.ActiveCfg = Debug|Any CPU
		{5F4FEA5D-C277-4643-83C5-2A9DE5F4140E}.Debug|x64.Build.0 = Debug|Any CPU
		{5F4FEA5D-C277-4643-83C5-2A9DE5F4140E}.Debug|x86.ActiveCfg = Debug|Any CPU
		{5F4FEA5D-C277-4643-83C5-2A9DE5F4140E}.Debug|x86.Build.0 = Debug|Any CPU
		{5F4FEA5D-C277-4643-83C5-2A9DE5F4140E}.Release|Any CPU.ActiveCfg = Release|Any CPU
		{5F4FEA5D-C277-4643-83C5-2A9DE5F4140E}.Release|Any CPU.Build.0 = Release|Any CPU
		{5F4FEA5D-C277-4643-83C5-2A9DE5F4140E}.Release|x64.ActiveCfg = Release|Any CPU
		{5F4FEA5D-C277-4643-83C5-2A9DE5F4140E}.Release|x64.Build.0 = Release|Any CPU
		{5F4FEA5D-C277-4643-83C5-2A9DE5F4140E}.Release|x86.ActiveCfg = Release|Any CPU
		{5F4FEA5D-C277-4643-83C5-2A9DE5F4140E}.Release|x86.Build.0 = Release|Any CPU
		{B96645B5-A18B-41E7-97B0-C597C97546C2}.Debug|Any CPU.ActiveCfg = Debug|Any CPU
		{B96645B5-A18B-41E7-97B0-C597C97546C2}.Debug|Any CPU.Build.0 = Debug|Any CPU
		{B96645B5-A18B-41E7-97B0-C597C97546C2}.Debug|x64.ActiveCfg = Debug|Any CPU
		{B96645B5-A18B-41E7-97B0-C597C97546C2}.Debug|x64.Build.0 = Debug|Any CPU
		{B96645B5-A18B-41E7-97B0-C597C97546C2}.Debug|x86.ActiveCfg = Debug|Any CPU
		{B96645B5-A18B-41E7-97B0-C597C97546C2}.Debug|x86.Build.0 = Debug|Any CPU
		{B96645B5-A18B-41E7-97B0-C597C97546C2}.Release|Any CPU.ActiveCfg = Release|Any CPU
		{B96645B5-A18B-41E7-97B0-C597C97546C2}.Release|Any CPU.Build.0 = Release|Any CPU
		{B96645B5-A18B-41E7-97B0-C597C97546C2}.Release|x64.ActiveCfg = Release|Any CPU
		{B96645B5-A18B-41E7-97B0-C597C97546C2}.Release|x64.Build.0 = Release|Any CPU
		{B96645B5-A18B-41E7-97B0-C597C97546C2}.Release|x86.ActiveCfg = Release|Any CPU
		{B96645B5-A18B-41E7-97B0-C597C97546C2}.Release|x86.Build.0 = Release|Any CPU
		{55902AC9-9C16-4570-9A85-F75993CA47C8}.Debug|Any CPU.ActiveCfg = Debug|Any CPU
		{55902AC9-9C16-4570-9A85-F75993CA47C8}.Debug|Any CPU.Build.0 = Debug|Any CPU
		{55902AC9-9C16-4570-9A85-F75993CA47C8}.Debug|x64.ActiveCfg = Debug|Any CPU
		{55902AC9-9C16-4570-9A85-F75993CA47C8}.Debug|x64.Build.0 = Debug|Any CPU
		{55902AC9-9C16-4570-9A85-F75993CA47C8}.Debug|x86.ActiveCfg = Debug|Any CPU
		{55902AC9-9C16-4570-9A85-F75993CA47C8}.Debug|x86.Build.0 = Debug|Any CPU
		{55902AC9-9C16-4570-9A85-F75993CA47C8}.Release|Any CPU.ActiveCfg = Release|Any CPU
		{55902AC9-9C16-4570-9A85-F75993CA47C8}.Release|Any CPU.Build.0 = Release|Any CPU
		{55902AC9-9C16-4570-9A85-F75993CA47C8}.Release|x64.ActiveCfg = Release|Any CPU
		{55902AC9-9C16-4570-9A85-F75993CA47C8}.Release|x64.Build.0 = Release|Any CPU
		{55902AC9-9C16-4570-9A85-F75993CA47C8}.Release|x86.ActiveCfg = Release|Any CPU
		{55902AC9-9C16-4570-9A85-F75993CA47C8}.Release|x86.Build.0 = Release|Any CPU
		{7461B49D-969F-4609-963C-C541D9EA0163}.Debug|Any CPU.ActiveCfg = Debug|Any CPU
		{7461B49D-969F-4609-963C-C541D9EA0163}.Debug|Any CPU.Build.0 = Debug|Any CPU
		{7461B49D-969F-4609-963C-C541D9EA0163}.Debug|x64.ActiveCfg = Debug|Any CPU
		{7461B49D-969F-4609-963C-C541D9EA0163}.Debug|x64.Build.0 = Debug|Any CPU
		{7461B49D-969F-4609-963C-C541D9EA0163}.Debug|x86.ActiveCfg = Debug|Any CPU
		{7461B49D-969F-4609-963C-C541D9EA0163}.Debug|x86.Build.0 = Debug|Any CPU
		{7461B49D-969F-4609-963C-C541D9EA0163}.Release|Any CPU.ActiveCfg = Release|Any CPU
		{7461B49D-969F-4609-963C-C541D9EA0163}.Release|Any CPU.Build.0 = Release|Any CPU
		{7461B49D-969F-4609-963C-C541D9EA0163}.Release|x64.ActiveCfg = Release|Any CPU
		{7461B49D-969F-4609-963C-C541D9EA0163}.Release|x64.Build.0 = Release|Any CPU
		{7461B49D-969F-4609-963C-C541D9EA0163}.Release|x86.ActiveCfg = Release|Any CPU
		{7461B49D-969F-4609-963C-C541D9EA0163}.Release|x86.Build.0 = Release|Any CPU
		{AEE9BE93-6D1D-42A2-B82E-57D7651F68E6}.Debug|Any CPU.ActiveCfg = Debug|Any CPU
		{AEE9BE93-6D1D-42A2-B82E-57D7651F68E6}.Debug|Any CPU.Build.0 = Debug|Any CPU
		{AEE9BE93-6D1D-42A2-B82E-57D7651F68E6}.Debug|x64.ActiveCfg = Debug|Any CPU
		{AEE9BE93-6D1D-42A2-B82E-57D7651F68E6}.Debug|x64.Build.0 = Debug|Any CPU
		{AEE9BE93-6D1D-42A2-B82E-57D7651F68E6}.Debug|x86.ActiveCfg = Debug|Any CPU
		{AEE9BE93-6D1D-42A2-B82E-57D7651F68E6}.Debug|x86.Build.0 = Debug|Any CPU
		{AEE9BE93-6D1D-42A2-B82E-57D7651F68E6}.Release|Any CPU.ActiveCfg = Release|Any CPU
		{AEE9BE93-6D1D-42A2-B82E-57D7651F68E6}.Release|Any CPU.Build.0 = Release|Any CPU
		{AEE9BE93-6D1D-42A2-B82E-57D7651F68E6}.Release|x64.ActiveCfg = Release|Any CPU
		{AEE9BE93-6D1D-42A2-B82E-57D7651F68E6}.Release|x64.Build.0 = Release|Any CPU
		{AEE9BE93-6D1D-42A2-B82E-57D7651F68E6}.Release|x86.ActiveCfg = Release|Any CPU
		{AEE9BE93-6D1D-42A2-B82E-57D7651F68E6}.Release|x86.Build.0 = Release|Any CPU
		{B1D043AC-021C-45A0-AB8F-84B7365015BE}.Debug|Any CPU.ActiveCfg = Debug|Any CPU
		{B1D043AC-021C-45A0-AB8F-84B7365015BE}.Debug|Any CPU.Build.0 = Debug|Any CPU
		{B1D043AC-021C-45A0-AB8F-84B7365015BE}.Debug|x64.ActiveCfg = Debug|Any CPU
		{B1D043AC-021C-45A0-AB8F-84B7365015BE}.Debug|x64.Build.0 = Debug|Any CPU
		{B1D043AC-021C-45A0-AB8F-84B7365015BE}.Debug|x86.ActiveCfg = Debug|Any CPU
		{B1D043AC-021C-45A0-AB8F-84B7365015BE}.Debug|x86.Build.0 = Debug|Any CPU
		{B1D043AC-021C-45A0-AB8F-84B7365015BE}.Release|Any CPU.ActiveCfg = Release|Any CPU
		{B1D043AC-021C-45A0-AB8F-84B7365015BE}.Release|Any CPU.Build.0 = Release|Any CPU
		{B1D043AC-021C-45A0-AB8F-84B7365015BE}.Release|x64.ActiveCfg = Release|Any CPU
		{B1D043AC-021C-45A0-AB8F-84B7365015BE}.Release|x64.Build.0 = Release|Any CPU
		{B1D043AC-021C-45A0-AB8F-84B7365015BE}.Release|x86.ActiveCfg = Release|Any CPU
		{B1D043AC-021C-45A0-AB8F-84B7365015BE}.Release|x86.Build.0 = Release|Any CPU
		{015A48BD-D1F7-44CC-AA76-BD7EBC8E77CB}.Debug|Any CPU.ActiveCfg = Debug|Any CPU
		{015A48BD-D1F7-44CC-AA76-BD7EBC8E77CB}.Debug|Any CPU.Build.0 = Debug|Any CPU
		{015A48BD-D1F7-44CC-AA76-BD7EBC8E77CB}.Debug|x64.ActiveCfg = Debug|Any CPU
		{015A48BD-D1F7-44CC-AA76-BD7EBC8E77CB}.Debug|x64.Build.0 = Debug|Any CPU
		{015A48BD-D1F7-44CC-AA76-BD7EBC8E77CB}.Debug|x86.ActiveCfg = Debug|Any CPU
		{015A48BD-D1F7-44CC-AA76-BD7EBC8E77CB}.Debug|x86.Build.0 = Debug|Any CPU
		{015A48BD-D1F7-44CC-AA76-BD7EBC8E77CB}.Release|Any CPU.ActiveCfg = Release|Any CPU
		{015A48BD-D1F7-44CC-AA76-BD7EBC8E77CB}.Release|Any CPU.Build.0 = Release|Any CPU
		{015A48BD-D1F7-44CC-AA76-BD7EBC8E77CB}.Release|x64.ActiveCfg = Release|Any CPU
		{015A48BD-D1F7-44CC-AA76-BD7EBC8E77CB}.Release|x64.Build.0 = Release|Any CPU
		{015A48BD-D1F7-44CC-AA76-BD7EBC8E77CB}.Release|x86.ActiveCfg = Release|Any CPU
		{015A48BD-D1F7-44CC-AA76-BD7EBC8E77CB}.Release|x86.Build.0 = Release|Any CPU
	EndGlobalSection
	GlobalSection(SolutionProperties) = preSolution
		HideSolutionNode = FALSE
	EndGlobalSection
	GlobalSection(NestedProjects) = preSolution
		{130F6404-679B-465B-892D-BC91CD591628} = {5D20AA90-6969-D8BD-9DCD-8634F4692FDA}
		{5F4FEA5D-C277-4643-83C5-2A9DE5F4140E} = {827E0CD3-B72D-47B6-A68D-7590B98EB39B}
		{B96645B5-A18B-41E7-97B0-C597C97546C2} = {827E0CD3-B72D-47B6-A68D-7590B98EB39B}
		{55902AC9-9C16-4570-9A85-F75993CA47C8} = {827E0CD3-B72D-47B6-A68D-7590B98EB39B}
		{7461B49D-969F-4609-963C-C541D9EA0163} = {827E0CD3-B72D-47B6-A68D-7590B98EB39B}
		{AEE9BE93-6D1D-42A2-B82E-57D7651F68E6} = {0AB3BF05-4346-4AA6-1389-037BE0695223}
		{B1D043AC-021C-45A0-AB8F-84B7365015BE} = {0AB3BF05-4346-4AA6-1389-037BE0695223}
		{015A48BD-D1F7-44CC-AA76-BD7EBC8E77CB} = {0AB3BF05-4346-4AA6-1389-037BE0695223}
	EndGlobalSection
EndGlobal
